
Microsoft Visual Studio Solution File, Format Version 12.00
# Visual Studio Version 17
VisualStudioVersion = 17.7.34031.279
MinimumVisualStudioVersion = 10.0.40219.1
Project("{2150E333-8FDC-42A3-9474-1A3956D46DE8}") = "Src", "Src", "{7337D253-1594-4EF2-B4D4-7479DE63BA46}"
EndProject
Project("{2150E333-8FDC-42A3-9474-1A3956D46DE8}") = "Test", "Test", "{E0A185EC-AE65-4155-8BA7-D6A4C25FB962}"
EndProject
Project("{9A19103F-16F7-4668-BE54-9A1E7A4F7556}") = "WebApi", "Src\WebApi\WebApi.csproj", "{071F7DED-6D0B-480C-B350-CCB517EEE14D}"
EndProject
Project("{9A19103F-16F7-4668-BE54-9A1E7A4F7556}") = "Repository", "Src\Repository\Repository.csproj", "{FBF0E1DD-C319-4275-93B2-33D9195AD87E}"
EndProject
Project("{9A19103F-16F7-4668-BE54-9A1E7A4F7556}") = "DomainUnitTests", "Test\DomainUnitTests\DomainUnitTests.csproj", "{27897EE7-01A9-42ED-B649-2529849C88D3}"
EndProject
Project("{FAE04EC0-301F-11D3-BF4B-00C04F79EFBC}") = "Domain", "Src\Domain\Domain.csproj", "{F208EE92-1805-454B-8526-DD52113AFB57}"
EndProject
Project("{FAE04EC0-301F-11D3-BF4B-00C04F79EFBC}") = "Application", "Src\Application\Application.csproj", "{10BB5F40-A508-4D02-81B1-CEB3EEA64364}"
EndProject
Global
	GlobalSection(SolutionConfigurationPlatforms) = preSolution
		Debug|Any CPU = Debug|Any CPU
		Release|Any CPU = Release|Any CPU
	EndGlobalSection
	GlobalSection(ProjectConfigurationPlatforms) = postSolution
		{071F7DED-6D0B-480C-B350-CCB517EEE14D}.Debug|Any CPU.ActiveCfg = Debug|Any CPU
		{071F7DED-6D0B-480C-B350-CCB517EEE14D}.Debug|Any CPU.Build.0 = Debug|Any CPU
		{071F7DED-6D0B-480C-B350-CCB517EEE14D}.Release|Any CPU.ActiveCfg = Release|Any CPU
		{071F7DED-6D0B-480C-B350-CCB517EEE14D}.Release|Any CPU.Build.0 = Release|Any CPU
		{FBF0E1DD-C319-4275-93B2-33D9195AD87E}.Debug|Any CPU.ActiveCfg = Debug|Any CPU
		{FBF0E1DD-C319-4275-93B2-33D9195AD87E}.Debug|Any CPU.Build.0 = Debug|Any CPU
		{FBF0E1DD-C319-4275-93B2-33D9195AD87E}.Release|Any CPU.ActiveCfg = Release|Any CPU
		{FBF0E1DD-C319-4275-93B2-33D9195AD87E}.Release|Any CPU.Build.0 = Release|Any CPU
		{27897EE7-01A9-42ED-B649-2529849C88D3}.Debug|Any CPU.ActiveCfg = Debug|Any CPU
		{27897EE7-01A9-42ED-B649-2529849C88D3}.Debug|Any CPU.Build.0 = Debug|Any CPU
		{27897EE7-01A9-42ED-B649-2529849C88D3}.Release|Any CPU.ActiveCfg = Release|Any CPU
		{27897EE7-01A9-42ED-B649-2529849C88D3}.Release|Any CPU.Build.0 = Release|Any CPU
		{F208EE92-1805-454B-8526-DD52113AFB57}.Debug|Any CPU.ActiveCfg = Debug|Any CPU
		{F208EE92-1805-454B-8526-DD52113AFB57}.Debug|Any CPU.Build.0 = Debug|Any CPU
		{F208EE92-1805-454B-8526-DD52113AFB57}.Release|Any CPU.ActiveCfg = Release|Any CPU
		{F208EE92-1805-454B-8526-DD52113AFB57}.Release|Any CPU.Build.0 = Release|Any CPU
		{10BB5F40-A508-4D02-81B1-CEB3EEA64364}.Debug|Any CPU.ActiveCfg = Debug|Any CPU
		{10BB5F40-A508-4D02-81B1-CEB3EEA64364}.Debug|Any CPU.Build.0 = Debug|Any CPU
		{10BB5F40-A508-4D02-81B1-CEB3EEA64364}.Release|Any CPU.ActiveCfg = Release|Any CPU
		{10BB5F40-A508-4D02-81B1-CEB3EEA64364}.Release|Any CPU.Build.0 = Release|Any CPU
	EndGlobalSection
	GlobalSection(SolutionProperties) = preSolution
		HideSolutionNode = FALSE
	EndGlobalSection
	GlobalSection(NestedProjects) = preSolution
		{071F7DED-6D0B-480C-B350-CCB517EEE14D} = {7337D253-1594-4EF2-B4D4-7479DE63BA46}
		{FBF0E1DD-C319-4275-93B2-33D9195AD87E} = {7337D253-1594-4EF2-B4D4-7479DE63BA46}
		{27897EE7-01A9-42ED-B649-2529849C88D3} = {E0A185EC-AE65-4155-8BA7-D6A4C25FB962}
		{F208EE92-1805-454B-8526-DD52113AFB57} = {7337D253-1594-4EF2-B4D4-7479DE63BA46}
		{10BB5F40-A508-4D02-81B1-CEB3EEA64364} = {7337D253-1594-4EF2-B4D4-7479DE63BA46}
	EndGlobalSection
	GlobalSection(ExtensibilityGlobals) = postSolution
		SolutionGuid = {1BC831AD-481A-42A2-922F-6027757EDDAD}
	EndGlobalSection
EndGlobal
